<Solution>
  <Project Path="dominio/dominio.csproj" Id="260e6506-ee7e-4f5d-a672-c26aa6fdc4ec" />
  <Project Path="negocio/negocio.csproj" Id="367d09ab-f857-47c9-bdc5-e75ef1b5cba1" />
  <Project Path="TP Final Programacion III/TP Final Programacion III.csproj" Id="c53926e4-5de5-41f2-8de3-03c2b3a6ca8a" />
</Solution>
